
Microsoft Visual Studio Solution File, Format Version 12.00
# Visual Studio 14
VisualStudioVersion = 14.0.25123.0
MinimumVisualStudioVersion = 10.0.40219.1
Project("{FAE04EC0-301F-11D3-BF4B-00C04F79EFBC}") = "StrategyPattern", "StrategyPattern\StrategyPattern.csproj", "{31547B42-18A5-4E7B-8B09-E01CE1E1CE28}"
EndProject
Project("{FAE04EC0-301F-11D3-BF4B-00C04F79EFBC}") = "ObserverPattern", "ObserverPattern\ObserverPattern.csproj", "{1D4E5638-E543-47E0-B109-CE9A1EE2D895}"
EndProject
Project("{FAE04EC0-301F-11D3-BF4B-00C04F79EFBC}") = "DecoratorPattern", "DecoratorPattern\DecoratorPattern.csproj", "{8BBB8EBA-7087-4FF0-9855-8A55510BA606}"
EndProject
Project("{FAE04EC0-301F-11D3-BF4B-00C04F79EFBC}") = "FactoryPattern", "FactoryPattern\FactoryPattern.csproj", "{E67C6381-A28C-4182-A052-98111F77AF27}"
EndProject
Project("{FAE04EC0-301F-11D3-BF4B-00C04F79EFBC}") = "SingletonPattern", "SingletonPattern\SingletonPattern.csproj", "{A827C311-1E17-404F-8D28-F7F3709B210E}"
EndProject
Project("{FAE04EC0-301F-11D3-BF4B-00C04F79EFBC}") = "CommandPattern", "CommandPattern\CommandPattern.csproj", "{97F2F5C9-4A24-4DF8-8E17-65D992340CC6}"
EndProject
Project("{FAE04EC0-301F-11D3-BF4B-00C04F79EFBC}") = "IteratorPattern", "IteratorPattern\IteratorPattern.csproj", "{CDA2C0E9-DD45-4036-9EB2-79E5AAA7BEE9}"
EndProject
Project("{FAE04EC0-301F-11D3-BF4B-00C04F79EFBC}") = "CompositePattern", "CompositePattern\CompositePattern.csproj", "{45247ACA-7DD5-4E92-80AB-CF67779A1551}"
EndProject
Project("{FAE04EC0-301F-11D3-BF4B-00C04F79EFBC}") = "StatePattern", "StatePattern\StatePattern.csproj", "{29123B87-135B-40E8-8946-0CD830E4C03E}"
EndProject
Global
	GlobalSection(SolutionConfigurationPlatforms) = preSolution
		Debug|Any CPU = Debug|Any CPU
		Release|Any CPU = Release|Any CPU
	EndGlobalSection
	GlobalSection(ProjectConfigurationPlatforms) = postSolution
		{31547B42-18A5-4E7B-8B09-E01CE1E1CE28}.Debug|Any CPU.ActiveCfg = Debug|Any CPU
		{31547B42-18A5-4E7B-8B09-E01CE1E1CE28}.Debug|Any CPU.Build.0 = Debug|Any CPU
		{31547B42-18A5-4E7B-8B09-E01CE1E1CE28}.Release|Any CPU.ActiveCfg = Release|Any CPU
		{31547B42-18A5-4E7B-8B09-E01CE1E1CE28}.Release|Any CPU.Build.0 = Release|Any CPU
		{1D4E5638-E543-47E0-B109-CE9A1EE2D895}.Debug|Any CPU.ActiveCfg = Debug|Any CPU
		{1D4E5638-E543-47E0-B109-CE9A1EE2D895}.Debug|Any CPU.Build.0 = Debug|Any CPU
		{1D4E5638-E543-47E0-B109-CE9A1EE2D895}.Release|Any CPU.ActiveCfg = Release|Any CPU
		{1D4E5638-E543-47E0-B109-CE9A1EE2D895}.Release|Any CPU.Build.0 = Release|Any CPU
		{8BBB8EBA-7087-4FF0-9855-8A55510BA606}.Debug|Any CPU.ActiveCfg = Debug|Any CPU
		{8BBB8EBA-7087-4FF0-9855-8A55510BA606}.Debug|Any CPU.Build.0 = Debug|Any CPU
		{8BBB8EBA-7087-4FF0-9855-8A55510BA606}.Release|Any CPU.ActiveCfg = Release|Any CPU
		{8BBB8EBA-7087-4FF0-9855-8A55510BA606}.Release|Any CPU.Build.0 = Release|Any CPU
		{E67C6381-A28C-4182-A052-98111F77AF27}.Debug|Any CPU.ActiveCfg = Debug|Any CPU
		{E67C6381-A28C-4182-A052-98111F77AF27}.Debug|Any CPU.Build.0 = Debug|Any CPU
		{E67C6381-A28C-4182-A052-98111F77AF27}.Release|Any CPU.ActiveCfg = Release|Any CPU
		{E67C6381-A28C-4182-A052-98111F77AF27}.Release|Any CPU.Build.0 = Release|Any CPU
		{A827C311-1E17-404F-8D28-F7F3709B210E}.Debug|Any CPU.ActiveCfg = Debug|Any CPU
		{A827C311-1E17-404F-8D28-F7F3709B210E}.Debug|Any CPU.Build.0 = Debug|Any CPU
		{A827C311-1E17-404F-8D28-F7F3709B210E}.Release|Any CPU.ActiveCfg = Release|Any CPU
		{A827C311-1E17-404F-8D28-F7F3709B210E}.Release|Any CPU.Build.0 = Release|Any CPU
		{97F2F5C9-4A24-4DF8-8E17-65D992340CC6}.Debug|Any CPU.ActiveCfg = Debug|Any CPU
		{97F2F5C9-4A24-4DF8-8E17-65D992340CC6}.Debug|Any CPU.Build.0 = Debug|Any CPU
		{97F2F5C9-4A24-4DF8-8E17-65D992340CC6}.Release|Any CPU.ActiveCfg = Release|Any CPU
		{97F2F5C9-4A24-4DF8-8E17-65D992340CC6}.Release|Any CPU.Build.0 = Release|Any CPU
		{CDA2C0E9-DD45-4036-9EB2-79E5AAA7BEE9}.Debug|Any CPU.ActiveCfg = Debug|Any CPU
		{CDA2C0E9-DD45-4036-9EB2-79E5AAA7BEE9}.Debug|Any CPU.Build.0 = Debug|Any CPU
		{CDA2C0E9-DD45-4036-9EB2-79E5AAA7BEE9}.Release|Any CPU.ActiveCfg = Release|Any CPU
		{CDA2C0E9-DD45-4036-9EB2-79E5AAA7BEE9}.Release|Any CPU.Build.0 = Release|Any CPU
		{45247ACA-7DD5-4E92-80AB-CF67779A1551}.Debug|Any CPU.ActiveCfg = Debug|Any CPU
		{45247ACA-7DD5-4E92-80AB-CF67779A1551}.Debug|Any CPU.Build.0 = Debug|Any CPU
		{45247ACA-7DD5-4E92-80AB-CF67779A1551}.Release|Any CPU.ActiveCfg = Release|Any CPU
		{45247ACA-7DD5-4E92-80AB-CF67779A1551}.Release|Any CPU.Build.0 = Release|Any CPU
		{29123B87-135B-40E8-8946-0CD830E4C03E}.Debug|Any CPU.ActiveCfg = Debug|Any CPU
		{29123B87-135B-40E8-8946-0CD830E4C03E}.Debug|Any CPU.Build.0 = Debug|Any CPU
		{29123B87-135B-40E8-8946-0CD830E4C03E}.Release|Any CPU.ActiveCfg = Release|Any CPU
		{29123B87-135B-40E8-8946-0CD830E4C03E}.Release|Any CPU.Build.0 = Release|Any CPU
	EndGlobalSection
	GlobalSection(SolutionProperties) = preSolution
		HideSolutionNode = FALSE
	EndGlobalSection
EndGlobal
